
Microsoft Visual Studio Solution File, Format Version 12.00
# Visual Studio Version 16
VisualStudioVersion = 16.0.30523.141
MinimumVisualStudioVersion = 10.0.40219.1
Project("{9A19103F-16F7-4668-BE54-9A1E7A4F7556}") = "ChatClient", "ChatClient\ChatClient.csproj", "{28C23F1F-7208-4F5B-9612-ADB699C082E0}"
EndProject
Project("{9A19103F-16F7-4668-BE54-9A1E7A4F7556}") = "ChatServer", "ChatServer\ChatServer.csproj", "{316BEF25-F747-497A-8E60-DFEB2DDF19C4}"
EndProject
Global
	GlobalSection(SolutionConfigurationPlatforms) = preSolution
		Debug|Any CPU = Debug|Any CPU
		Release|Any CPU = Release|Any CPU
	EndGlobalSection
	GlobalSection(ProjectConfigurationPlatforms) = postSolution
		{28C23F1F-7208-4F5B-9612-ADB699C082E0}.Debug|Any CPU.ActiveCfg = Debug|Any CPU
		{28C23F1F-7208-4F5B-9612-ADB699C082E0}.Debug|Any CPU.Build.0 = Debug|Any CPU
		{28C23F1F-7208-4F5B-9612-ADB699C082E0}.Release|Any CPU.ActiveCfg = Release|Any CPU
		{28C23F1F-7208-4F5B-9612-ADB699C082E0}.Release|Any CPU.Build.0 = Release|Any CPU
		{316BEF25-F747-497A-8E60-DFEB2DDF19C4}.Debug|Any CPU.ActiveCfg = Debug|Any CPU
		{316BEF25-F747-497A-8E60-DFEB2DDF19C4}.Debug|Any CPU.Build.0 = Debug|Any CPU
		{316BEF25-F747-497A-8E60-DFEB2DDF19C4}.Release|Any CPU.ActiveCfg = Release|Any CPU
		{316BEF25-F747-497A-8E60-DFEB2DDF19C4}.Release|Any CPU.Build.0 = Release|Any CPU
	EndGlobalSection
	GlobalSection(SolutionProperties) = preSolution
		HideSolutionNode = FALSE
	EndGlobalSection
	GlobalSection(ExtensibilityGlobals) = postSolution
		SolutionGuid = {4F3EC344-D965-42C9-9D57-A98C4B954AC4}
	EndGlobalSection
EndGlobal
